
Microsoft Visual Studio Solution File, Format Version 12.00
# Visual Studio Version 17
VisualStudioVersion = 17.14.36401.2
MinimumVisualStudioVersion = 10.0.40219.1
Project("{8BC9CEB8-8B4A-11D0-8D11-00A0C91BC942}") = "SumZeroPairs", "SumZeroPairs\sum_zero_pairs.vcxproj", "{6C10BD98-63B8-47C5-809B-39383A1AF6E2}"
EndProject
Project("{8BC9CEB8-8B4A-11D0-8D11-00A0C91BC942}") = "LightsOutProblem", "LightsOutProblem\LightsOutProblem.vcxproj", "{CD9A9326-42B2-46CC-95E7-DF4F947E94B2}"
EndProject
Project("{8BC9CEB8-8B4A-11D0-8D11-00A0C91BC942}") = "luogu-p10424", "luogu-p10424\luogu-p10424.vcxproj", "{3AFA3F29-4A7F-4523-AEA6-F54916EAD0E1}"
EndProject
Project("{8BC9CEB8-8B4A-11D0-8D11-00A0C91BC942}") = "nowcoder-90960-d", "nowcoder-90960-d\nowcoder-90960-d.vcxproj", "{2875EA2C-0768-4BA6-A795-D0EDBD46B633}"
EndProject
Project("{8BC9CEB8-8B4A-11D0-8D11-00A0C91BC942}") = "luogu-p10387", "luogu-p10387\luogu-p10387.vcxproj", "{63572CB6-DCE4-49EF-8ECA-DD37713736D1}"
EndProject
Project("{8BC9CEB8-8B4A-11D0-8D11-00A0C91BC942}") = "luogu-p10429", "luogu-p10429\luogu-p10429.vcxproj", "{E55EFBC5-158D-4CD1-8DD1-ADB72581A901}"
EndProject
Global
	GlobalSection(SolutionConfigurationPlatforms) = preSolution
		Debug|x64 = Debug|x64
		Debug|x86 = Debug|x86
		Release|x64 = Release|x64
		Release|x86 = Release|x86
	EndGlobalSection
	GlobalSection(ProjectConfigurationPlatforms) = postSolution
		{6C10BD98-63B8-47C5-809B-39383A1AF6E2}.Debug|x64.ActiveCfg = Debug|x64
		{6C10BD98-63B8-47C5-809B-39383A1AF6E2}.Debug|x64.Build.0 = Debug|x64
		{6C10BD98-63B8-47C5-809B-39383A1AF6E2}.Debug|x86.ActiveCfg = Debug|Win32
		{6C10BD98-63B8-47C5-809B-39383A1AF6E2}.Debug|x86.Build.0 = Debug|Win32
		{6C10BD98-63B8-47C5-809B-39383A1AF6E2}.Release|x64.ActiveCfg = Release|x64
		{6C10BD98-63B8-47C5-809B-39383A1AF6E2}.Release|x64.Build.0 = Release|x64
		{6C10BD98-63B8-47C5-809B-39383A1AF6E2}.Release|x86.ActiveCfg = Release|Win32
		{6C10BD98-63B8-47C5-809B-39383A1AF6E2}.Release|x86.Build.0 = Release|Win32
		{CD9A9326-42B2-46CC-95E7-DF4F947E94B2}.Debug|x64.ActiveCfg = Debug|x64
		{CD9A9326-42B2-46CC-95E7-DF4F947E94B2}.Debug|x64.Build.0 = Debug|x64
		{CD9A9326-42B2-46CC-95E7-DF4F947E94B2}.Debug|x86.ActiveCfg = Debug|Win32
		{CD9A9326-42B2-46CC-95E7-DF4F947E94B2}.Debug|x86.Build.0 = Debug|Win32
		{CD9A9326-42B2-46CC-95E7-DF4F947E94B2}.Release|x64.ActiveCfg = Release|x64
		{CD9A9326-42B2-46CC-95E7-DF4F947E94B2}.Release|x64.Build.0 = Release|x64
		{CD9A9326-42B2-46CC-95E7-DF4F947E94B2}.Release|x86.ActiveCfg = Release|Win32
		{CD9A9326-42B2-46CC-95E7-DF4F947E94B2}.Release|x86.Build.0 = Release|Win32
		{3AFA3F29-4A7F-4523-AEA6-F54916EAD0E1}.Debug|x64.ActiveCfg = Debug|x64
		{3AFA3F29-4A7F-4523-AEA6-F54916EAD0E1}.Debug|x64.Build.0 = Debug|x64
		{3AFA3F29-4A7F-4523-AEA6-F54916EAD0E1}.Debug|x86.ActiveCfg = Debug|Win32
		{3AFA3F29-4A7F-4523-AEA6-F54916EAD0E1}.Debug|x86.Build.0 = Debug|Win32
		{3AFA3F29-4A7F-4523-AEA6-F54916EAD0E1}.Release|x64.ActiveCfg = Release|x64
		{3AFA3F29-4A7F-4523-AEA6-F54916EAD0E1}.Release|x64.Build.0 = Release|x64
		{3AFA3F29-4A7F-4523-AEA6-F54916EAD0E1}.Release|x86.ActiveCfg = Release|Win32
		{3AFA3F29-4A7F-4523-AEA6-F54916EAD0E1}.Release|x86.Build.0 = Release|Win32
		{2875EA2C-0768-4BA6-A795-D0EDBD46B633}.Debug|x64.ActiveCfg = Debug|x64
		{2875EA2C-0768-4BA6-A795-D0EDBD46B633}.Debug|x64.Build.0 = Debug|x64
		{2875EA2C-0768-4BA6-A795-D0EDBD46B633}.Debug|x86.ActiveCfg = Debug|Win32
		{2875EA2C-0768-4BA6-A795-D0EDBD46B633}.Debug|x86.Build.0 = Debug|Win32
		{2875EA2C-0768-4BA6-A795-D0EDBD46B633}.Release|x64.ActiveCfg = Release|x64
		{2875EA2C-0768-4BA6-A795-D0EDBD46B633}.Release|x64.Build.0 = Release|x64
		{2875EA2C-0768-4BA6-A795-D0EDBD46B633}.Release|x86.ActiveCfg = Release|Win32
		{2875EA2C-0768-4BA6-A795-D0EDBD46B633}.Release|x86.Build.0 = Release|Win32
		{63572CB6-DCE4-49EF-8ECA-DD37713736D1}.Debug|x64.ActiveCfg = Debug|x64
		{63572CB6-DCE4-49EF-8ECA-DD37713736D1}.Debug|x64.Build.0 = Debug|x64
		{63572CB6-DCE4-49EF-8ECA-DD37713736D1}.Debug|x86.ActiveCfg = Debug|Win32
		{63572CB6-DCE4-49EF-8ECA-DD37713736D1}.Debug|x86.Build.0 = Debug|Win32
		{63572CB6-DCE4-49EF-8ECA-DD37713736D1}.Release|x64.ActiveCfg = Release|x64
		{63572CB6-DCE4-49EF-8ECA-DD37713736D1}.Release|x64.Build.0 = Release|x64
		{63572CB6-DCE4-49EF-8ECA-DD37713736D1}.Release|x86.ActiveCfg = Release|Win32
		{63572CB6-DCE4-49EF-8ECA-DD37713736D1}.Release|x86.Build.0 = Release|Win32
		{E55EFBC5-158D-4CD1-8DD1-ADB72581A901}.Debug|x64.ActiveCfg = Debug|x64
		{E55EFBC5-158D-4CD1-8DD1-ADB72581A901}.Debug|x64.Build.0 = Debug|x64
		{E55EFBC5-158D-4CD1-8DD1-ADB72581A901}.Debug|x86.ActiveCfg = Debug|Win32
		{E55EFBC5-158D-4CD1-8DD1-ADB72581A901}.Debug|x86.Build.0 = Debug|Win32
		{E55EFBC5-158D-4CD1-8DD1-ADB72581A901}.Release|x64.ActiveCfg = Release|x64
		{E55EFBC5-158D-4CD1-8DD1-ADB72581A901}.Release|x64.Build.0 = Release|x64
		{E55EFBC5-158D-4CD1-8DD1-ADB72581A901}.Release|x86.ActiveCfg = Release|Win32
		{E55EFBC5-158D-4CD1-8DD1-ADB72581A901}.Release|x86.Build.0 = Release|Win32
	EndGlobalSection
	GlobalSection(SolutionProperties) = preSolution
		HideSolutionNode = FALSE
	EndGlobalSection
	GlobalSection(ExtensibilityGlobals) = postSolution
		SolutionGuid = {4D506087-DC62-427A-9FB4-A916D6CD9500}
	EndGlobalSection
EndGlobal
