
Microsoft Visual Studio Solution File, Format Version 12.00
# Visual Studio Version 17
VisualStudioVersion = 17.14.36623.8
MinimumVisualStudioVersion = 10.0.40219.1
Project("{8BC9CEB8-8B4A-11D0-8D11-00A0C91BC942}") = "BinarySearch", "BinarySearch\BinarySearch.vcxproj", "{C49ED22C-36EC-454B-BD6D-10EFEE427195}"
EndProject
Project("{8BC9CEB8-8B4A-11D0-8D11-00A0C91BC942}") = "TernarySearch", "TernarySearch\TernarySearch.vcxproj", "{D9838736-B339-413C-B4A9-9B3B22D422D3}"
EndProject
Project("{8BC9CEB8-8B4A-11D0-8D11-00A0C91BC942}") = "FractionalProgramming", "FractionalProgramming\FractionalProgramming.vcxproj", "{1A6F18B7-CD55-4C2F-9793-23D0B51ED180}"
EndProject
Project("{8BC9CEB8-8B4A-11D0-8D11-00A0C91BC942}") = "luogu-p1219", "luogu-p1219\luogu-p1219.vcxproj", "{DD218EB0-FBDD-441F-918B-98D8129C69E0}"
EndProject
Project("{8BC9CEB8-8B4A-11D0-8D11-00A0C91BC942}") = "luogu-p2036", "luogu-p2036\luogu-p2036.vcxproj", "{72DE472C-4751-4F1C-95DD-C02655C416B9}"
EndProject
Project("{8BC9CEB8-8B4A-11D0-8D11-00A0C91BC942}") = "luogu-p9241", "luogu-p9241\luogu-p9241.vcxproj", "{938B76D6-71B6-4840-8B94-89FB26E57615}"
EndProject
Project("{8BC9CEB8-8B4A-11D0-8D11-00A0C91BC942}") = "luogu-p1036", "luogu-p1036\luogu-p1036.vcxproj", "{F131A6DB-123D-4B42-A527-9EEC09C5FEAF}"
EndProject
Project("{8BC9CEB8-8B4A-11D0-8D11-00A0C91BC942}") = "luogu-b4158", "luogu-b4158\luogu-b4158.vcxproj", "{8279B64B-8927-4CF4-B5CF-121DE9666007}"
EndProject
Project("{8BC9CEB8-8B4A-11D0-8D11-00A0C91BC942}") = "luogu-p10386", "luogu-p10386\luogu-p10386.vcxproj", "{E534C87C-D127-464E-93E9-96359C817483}"
EndProject
Global
	GlobalSection(SolutionConfigurationPlatforms) = preSolution
		Debug|x64 = Debug|x64
		Debug|x86 = Debug|x86
		Release|x64 = Release|x64
		Release|x86 = Release|x86
	EndGlobalSection
	GlobalSection(ProjectConfigurationPlatforms) = postSolution
		{C49ED22C-36EC-454B-BD6D-10EFEE427195}.Debug|x64.ActiveCfg = Debug|x64
		{C49ED22C-36EC-454B-BD6D-10EFEE427195}.Debug|x64.Build.0 = Debug|x64
		{C49ED22C-36EC-454B-BD6D-10EFEE427195}.Debug|x86.ActiveCfg = Debug|Win32
		{C49ED22C-36EC-454B-BD6D-10EFEE427195}.Debug|x86.Build.0 = Debug|Win32
		{C49ED22C-36EC-454B-BD6D-10EFEE427195}.Release|x64.ActiveCfg = Release|x64
		{C49ED22C-36EC-454B-BD6D-10EFEE427195}.Release|x64.Build.0 = Release|x64
		{C49ED22C-36EC-454B-BD6D-10EFEE427195}.Release|x86.ActiveCfg = Release|Win32
		{C49ED22C-36EC-454B-BD6D-10EFEE427195}.Release|x86.Build.0 = Release|Win32
		{D9838736-B339-413C-B4A9-9B3B22D422D3}.Debug|x64.ActiveCfg = Debug|x64
		{D9838736-B339-413C-B4A9-9B3B22D422D3}.Debug|x64.Build.0 = Debug|x64
		{D9838736-B339-413C-B4A9-9B3B22D422D3}.Debug|x86.ActiveCfg = Debug|Win32
		{D9838736-B339-413C-B4A9-9B3B22D422D3}.Debug|x86.Build.0 = Debug|Win32
		{D9838736-B339-413C-B4A9-9B3B22D422D3}.Release|x64.ActiveCfg = Release|x64
		{D9838736-B339-413C-B4A9-9B3B22D422D3}.Release|x64.Build.0 = Release|x64
		{D9838736-B339-413C-B4A9-9B3B22D422D3}.Release|x86.ActiveCfg = Release|Win32
		{D9838736-B339-413C-B4A9-9B3B22D422D3}.Release|x86.Build.0 = Release|Win32
		{1A6F18B7-CD55-4C2F-9793-23D0B51ED180}.Debug|x64.ActiveCfg = Debug|x64
		{1A6F18B7-CD55-4C2F-9793-23D0B51ED180}.Debug|x64.Build.0 = Debug|x64
		{1A6F18B7-CD55-4C2F-9793-23D0B51ED180}.Debug|x86.ActiveCfg = Debug|Win32
		{1A6F18B7-CD55-4C2F-9793-23D0B51ED180}.Debug|x86.Build.0 = Debug|Win32
		{1A6F18B7-CD55-4C2F-9793-23D0B51ED180}.Release|x64.ActiveCfg = Release|x64
		{1A6F18B7-CD55-4C2F-9793-23D0B51ED180}.Release|x64.Build.0 = Release|x64
		{1A6F18B7-CD55-4C2F-9793-23D0B51ED180}.Release|x86.ActiveCfg = Release|Win32
		{1A6F18B7-CD55-4C2F-9793-23D0B51ED180}.Release|x86.Build.0 = Release|Win32
		{DD218EB0-FBDD-441F-918B-98D8129C69E0}.Debug|x64.ActiveCfg = Debug|x64
		{DD218EB0-FBDD-441F-918B-98D8129C69E0}.Debug|x64.Build.0 = Debug|x64
		{DD218EB0-FBDD-441F-918B-98D8129C69E0}.Debug|x86.ActiveCfg = Debug|Win32
		{DD218EB0-FBDD-441F-918B-98D8129C69E0}.Debug|x86.Build.0 = Debug|Win32
		{DD218EB0-FBDD-441F-918B-98D8129C69E0}.Release|x64.ActiveCfg = Release|x64
		{DD218EB0-FBDD-441F-918B-98D8129C69E0}.Release|x64.Build.0 = Release|x64
		{DD218EB0-FBDD-441F-918B-98D8129C69E0}.Release|x86.ActiveCfg = Release|Win32
		{DD218EB0-FBDD-441F-918B-98D8129C69E0}.Release|x86.Build.0 = Release|Win32
		{72DE472C-4751-4F1C-95DD-C02655C416B9}.Debug|x64.ActiveCfg = Debug|x64
		{72DE472C-4751-4F1C-95DD-C02655C416B9}.Debug|x64.Build.0 = Debug|x64
		{72DE472C-4751-4F1C-95DD-C02655C416B9}.Debug|x86.ActiveCfg = Debug|Win32
		{72DE472C-4751-4F1C-95DD-C02655C416B9}.Debug|x86.Build.0 = Debug|Win32
		{72DE472C-4751-4F1C-95DD-C02655C416B9}.Release|x64.ActiveCfg = Release|x64
		{72DE472C-4751-4F1C-95DD-C02655C416B9}.Release|x64.Build.0 = Release|x64
		{72DE472C-4751-4F1C-95DD-C02655C416B9}.Release|x86.ActiveCfg = Release|Win32
		{72DE472C-4751-4F1C-95DD-C02655C416B9}.Release|x86.Build.0 = Release|Win32
		{938B76D6-71B6-4840-8B94-89FB26E57615}.Debug|x64.ActiveCfg = Debug|x64
		{938B76D6-71B6-4840-8B94-89FB26E57615}.Debug|x64.Build.0 = Debug|x64
		{938B76D6-71B6-4840-8B94-89FB26E57615}.Debug|x86.ActiveCfg = Debug|Win32
		{938B76D6-71B6-4840-8B94-89FB26E57615}.Debug|x86.Build.0 = Debug|Win32
		{938B76D6-71B6-4840-8B94-89FB26E57615}.Release|x64.ActiveCfg = Release|x64
		{938B76D6-71B6-4840-8B94-89FB26E57615}.Release|x64.Build.0 = Release|x64
		{938B76D6-71B6-4840-8B94-89FB26E57615}.Release|x86.ActiveCfg = Release|Win32
		{938B76D6-71B6-4840-8B94-89FB26E57615}.Release|x86.Build.0 = Release|Win32
		{F131A6DB-123D-4B42-A527-9EEC09C5FEAF}.Debug|x64.ActiveCfg = Debug|x64
		{F131A6DB-123D-4B42-A527-9EEC09C5FEAF}.Debug|x64.Build.0 = Debug|x64
		{F131A6DB-123D-4B42-A527-9EEC09C5FEAF}.Debug|x86.ActiveCfg = Debug|Win32
		{F131A6DB-123D-4B42-A527-9EEC09C5FEAF}.Debug|x86.Build.0 = Debug|Win32
		{F131A6DB-123D-4B42-A527-9EEC09C5FEAF}.Release|x64.ActiveCfg = Release|x64
		{F131A6DB-123D-4B42-A527-9EEC09C5FEAF}.Release|x64.Build.0 = Release|x64
		{F131A6DB-123D-4B42-A527-9EEC09C5FEAF}.Release|x86.ActiveCfg = Release|Win32
		{F131A6DB-123D-4B42-A527-9EEC09C5FEAF}.Release|x86.Build.0 = Release|Win32
		{8279B64B-8927-4CF4-B5CF-121DE9666007}.Debug|x64.ActiveCfg = Debug|x64
		{8279B64B-8927-4CF4-B5CF-121DE9666007}.Debug|x64.Build.0 = Debug|x64
		{8279B64B-8927-4CF4-B5CF-121DE9666007}.Debug|x86.ActiveCfg = Debug|Win32
		{8279B64B-8927-4CF4-B5CF-121DE9666007}.Debug|x86.Build.0 = Debug|Win32
		{8279B64B-8927-4CF4-B5CF-121DE9666007}.Release|x64.ActiveCfg = Release|x64
		{8279B64B-8927-4CF4-B5CF-121DE9666007}.Release|x64.Build.0 = Release|x64
		{8279B64B-8927-4CF4-B5CF-121DE9666007}.Release|x86.ActiveCfg = Release|Win32
		{8279B64B-8927-4CF4-B5CF-121DE9666007}.Release|x86.Build.0 = Release|Win32
		{E534C87C-D127-464E-93E9-96359C817483}.Debug|x64.ActiveCfg = Debug|x64
		{E534C87C-D127-464E-93E9-96359C817483}.Debug|x64.Build.0 = Debug|x64
		{E534C87C-D127-464E-93E9-96359C817483}.Debug|x86.ActiveCfg = Debug|Win32
		{E534C87C-D127-464E-93E9-96359C817483}.Debug|x86.Build.0 = Debug|Win32
		{E534C87C-D127-464E-93E9-96359C817483}.Release|x64.ActiveCfg = Release|x64
		{E534C87C-D127-464E-93E9-96359C817483}.Release|x64.Build.0 = Release|x64
		{E534C87C-D127-464E-93E9-96359C817483}.Release|x86.ActiveCfg = Release|Win32
		{E534C87C-D127-464E-93E9-96359C817483}.Release|x86.Build.0 = Release|Win32
	EndGlobalSection
	GlobalSection(SolutionProperties) = preSolution
		HideSolutionNode = FALSE
	EndGlobalSection
	GlobalSection(ExtensibilityGlobals) = postSolution
		SolutionGuid = {C2550F2B-7A92-441F-A192-36E464919317}
	EndGlobalSection
EndGlobal
