
Microsoft Visual Studio Solution File, Format Version 12.00
# Visual Studio Version 17
VisualStudioVersion = 17.14.36623.8
MinimumVisualStudioVersion = 10.0.40219.1
Project("{8BC9CEB8-8B4A-11D0-8D11-00A0C91BC942}") = "BinarySearch", "BinarySearch\BinarySearch.vcxproj", "{C49ED22C-36EC-454B-BD6D-10EFEE427195}"
EndProject
Project("{8BC9CEB8-8B4A-11D0-8D11-00A0C91BC942}") = "TernarySearch", "TernarySearch\TernarySearch.vcxproj", "{D9838736-B339-413C-B4A9-9B3B22D422D3}"
EndProject
Project("{8BC9CEB8-8B4A-11D0-8D11-00A0C91BC942}") = "FractionalProgramming", "FractionalProgramming\FractionalProgramming.vcxproj", "{1A6F18B7-CD55-4C2F-9793-23D0B51ED180}"
EndProject
Project("{8BC9CEB8-8B4A-11D0-8D11-00A0C91BC942}") = "luogu-p1219", "luogu-p1219\luogu-p1219.vcxproj", "{DD218EB0-FBDD-441F-918B-98D8129C69E0}"
EndProject
Project("{8BC9CEB8-8B4A-11D0-8D11-00A0C91BC942}") = "luogu-p2036", "luogu-p2036\luogu-p2036.vcxproj", "{72DE472C-4751-4F1C-95DD-C02655C416B9}"
EndProject
Project("{8BC9CEB8-8B4A-11D0-8D11-00A0C91BC942}") = "luogu-p9241", "luogu-p9241\luogu-p9241.vcxproj", "{938B76D6-71B6-4840-8B94-89FB26E57615}"
EndProject
Project("{8BC9CEB8-8B4A-11D0-8D11-00A0C91BC942}") = "luogu-p1036", "luogu-p1036\luogu-p1036.vcxproj", "{F131A6DB-123D-4B42-A527-9EEC09C5FEAF}"
EndProject
Project("{8BC9CEB8-8B4A-11D0-8D11-00A0C91BC942}") = "luogu-b4158", "luogu-b4158\luogu-b4158.vcxproj", "{8279B64B-8927-4CF4-B5CF-121DE9666007}"
EndProject
Project("{8BC9CEB8-8B4A-11D0-8D11-00A0C91BC942}") = "luogu-p10386", "luogu-p10386\luogu-p10386.vcxproj", "{E534C87C-D127-464E-93E9-96359C817483}"
EndProject
Project("{8BC9CEB8-8B4A-11D0-8D11-00A0C91BC942}") = "luogu-p8786", "luogu-p8786\luogu-p8786.vcxproj", "{2B15571E-71D5-42BD-A8DE-431FEFA75CAC}"
EndProject
Project("{8BC9CEB8-8B4A-11D0-8D11-00A0C91BC942}") = "luogu-p9242", "luogu-p9242\luogu-p9242.vcxproj", "{AF9B3275-8D7F-48C3-BCA6-1A340D4C6FBC}"
EndProject
Project("{8BC9CEB8-8B4A-11D0-8D11-00A0C91BC942}") = "luogu-p4310", "luogu-p4310\luogu-p4310.vcxproj", "{E8250801-3542-4831-AD8D-D7CE5B0F703C}"
EndProject
Project("{8BC9CEB8-8B4A-11D0-8D11-00A0C91BC942}") = "luogu-p1162", "luogu-p1162\luogu-p1162.vcxproj", "{8B85B87C-2B64-4009-B5CF-5068F4C902F1}"
EndProject
Project("{8BC9CEB8-8B4A-11D0-8D11-00A0C91BC942}") = "luogu-p1135", "luogu-p1135\luogu-p1135.vcxproj", "{1CA9DAF8-20E2-43DC-8152-A963CF047D19}"
EndProject
Project("{8BC9CEB8-8B4A-11D0-8D11-00A0C91BC942}") = "luogu-p2040", "luogu-p2040\luogu-p2040.vcxproj", "{1FF3C39A-E19E-4C30-AD4C-13AD36699A2D}"
EndProject
Project("{8BC9CEB8-8B4A-11D0-8D11-00A0C91BC942}") = "luogu-p1918", "luogu-p1918\luogu-p1918.vcxproj", "{EA650451-65F1-45EE-A121-AD2AD50DD441}"
EndProject
Project("{8BC9CEB8-8B4A-11D0-8D11-00A0C91BC942}") = "luogu-p5266", "luogu-p5266\luogu-p5266.vcxproj", "{22E28B96-374D-45E0-AB96-E8C058A66EBB}"
EndProject
Project("{8BC9CEB8-8B4A-11D0-8D11-00A0C91BC942}") = "luogu-5250", "luogu-5250\luogu-5250.vcxproj", "{A7856E34-BD12-443E-9E5B-59B0579A1A66}"
EndProject
Project("{8BC9CEB8-8B4A-11D0-8D11-00A0C91BC942}") = "luogu-p1101", "luogu-p1101\luogu-p1101.vcxproj", "{3AA02C5A-8828-45BF-93E0-90C2B9A34BC8}"
EndProject
Global
	GlobalSection(SolutionConfigurationPlatforms) = preSolution
		Debug|x64 = Debug|x64
		Debug|x86 = Debug|x86
		Release|x64 = Release|x64
		Release|x86 = Release|x86
	EndGlobalSection
	GlobalSection(ProjectConfigurationPlatforms) = postSolution
		{C49ED22C-36EC-454B-BD6D-10EFEE427195}.Debug|x64.ActiveCfg = Debug|x64
		{C49ED22C-36EC-454B-BD6D-10EFEE427195}.Debug|x64.Build.0 = Debug|x64
		{C49ED22C-36EC-454B-BD6D-10EFEE427195}.Debug|x86.ActiveCfg = Debug|Win32
		{C49ED22C-36EC-454B-BD6D-10EFEE427195}.Debug|x86.Build.0 = Debug|Win32
		{C49ED22C-36EC-454B-BD6D-10EFEE427195}.Release|x64.ActiveCfg = Release|x64
		{C49ED22C-36EC-454B-BD6D-10EFEE427195}.Release|x64.Build.0 = Release|x64
		{C49ED22C-36EC-454B-BD6D-10EFEE427195}.Release|x86.ActiveCfg = Release|Win32
		{C49ED22C-36EC-454B-BD6D-10EFEE427195}.Release|x86.Build.0 = Release|Win32
		{D9838736-B339-413C-B4A9-9B3B22D422D3}.Debug|x64.ActiveCfg = Debug|x64
		{D9838736-B339-413C-B4A9-9B3B22D422D3}.Debug|x64.Build.0 = Debug|x64
		{D9838736-B339-413C-B4A9-9B3B22D422D3}.Debug|x86.ActiveCfg = Debug|Win32
		{D9838736-B339-413C-B4A9-9B3B22D422D3}.Debug|x86.Build.0 = Debug|Win32
		{D9838736-B339-413C-B4A9-9B3B22D422D3}.Release|x64.ActiveCfg = Release|x64
		{D9838736-B339-413C-B4A9-9B3B22D422D3}.Release|x64.Build.0 = Release|x64
		{D9838736-B339-413C-B4A9-9B3B22D422D3}.Release|x86.ActiveCfg = Release|Win32
		{D9838736-B339-413C-B4A9-9B3B22D422D3}.Release|x86.Build.0 = Release|Win32
		{1A6F18B7-CD55-4C2F-9793-23D0B51ED180}.Debug|x64.ActiveCfg = Debug|x64
		{1A6F18B7-CD55-4C2F-9793-23D0B51ED180}.Debug|x64.Build.0 = Debug|x64
		{1A6F18B7-CD55-4C2F-9793-23D0B51ED180}.Debug|x86.ActiveCfg = Debug|Win32
		{1A6F18B7-CD55-4C2F-9793-23D0B51ED180}.Debug|x86.Build.0 = Debug|Win32
		{1A6F18B7-CD55-4C2F-9793-23D0B51ED180}.Release|x64.ActiveCfg = Release|x64
		{1A6F18B7-CD55-4C2F-9793-23D0B51ED180}.Release|x64.Build.0 = Release|x64
		{1A6F18B7-CD55-4C2F-9793-23D0B51ED180}.Release|x86.ActiveCfg = Release|Win32
		{1A6F18B7-CD55-4C2F-9793-23D0B51ED180}.Release|x86.Build.0 = Release|Win32
		{DD218EB0-FBDD-441F-918B-98D8129C69E0}.Debug|x64.ActiveCfg = Debug|x64
		{DD218EB0-FBDD-441F-918B-98D8129C69E0}.Debug|x64.Build.0 = Debug|x64
		{DD218EB0-FBDD-441F-918B-98D8129C69E0}.Debug|x86.ActiveCfg = Debug|Win32
		{DD218EB0-FBDD-441F-918B-98D8129C69E0}.Debug|x86.Build.0 = Debug|Win32
		{DD218EB0-FBDD-441F-918B-98D8129C69E0}.Release|x64.ActiveCfg = Release|x64
		{DD218EB0-FBDD-441F-918B-98D8129C69E0}.Release|x64.Build.0 = Release|x64
		{DD218EB0-FBDD-441F-918B-98D8129C69E0}.Release|x86.ActiveCfg = Release|Win32
		{DD218EB0-FBDD-441F-918B-98D8129C69E0}.Release|x86.Build.0 = Release|Win32
		{72DE472C-4751-4F1C-95DD-C02655C416B9}.Debug|x64.ActiveCfg = Debug|x64
		{72DE472C-4751-4F1C-95DD-C02655C416B9}.Debug|x64.Build.0 = Debug|x64
		{72DE472C-4751-4F1C-95DD-C02655C416B9}.Debug|x86.ActiveCfg = Debug|Win32
		{72DE472C-4751-4F1C-95DD-C02655C416B9}.Debug|x86.Build.0 = Debug|Win32
		{72DE472C-4751-4F1C-95DD-C02655C416B9}.Release|x64.ActiveCfg = Release|x64
		{72DE472C-4751-4F1C-95DD-C02655C416B9}.Release|x64.Build.0 = Release|x64
		{72DE472C-4751-4F1C-95DD-C02655C416B9}.Release|x86.ActiveCfg = Release|Win32
		{72DE472C-4751-4F1C-95DD-C02655C416B9}.Release|x86.Build.0 = Release|Win32
		{938B76D6-71B6-4840-8B94-89FB26E57615}.Debug|x64.ActiveCfg = Debug|x64
		{938B76D6-71B6-4840-8B94-89FB26E57615}.Debug|x64.Build.0 = Debug|x64
		{938B76D6-71B6-4840-8B94-89FB26E57615}.Debug|x86.ActiveCfg = Debug|Win32
		{938B76D6-71B6-4840-8B94-89FB26E57615}.Debug|x86.Build.0 = Debug|Win32
		{938B76D6-71B6-4840-8B94-89FB26E57615}.Release|x64.ActiveCfg = Release|x64
		{938B76D6-71B6-4840-8B94-89FB26E57615}.Release|x64.Build.0 = Release|x64
		{938B76D6-71B6-4840-8B94-89FB26E57615}.Release|x86.ActiveCfg = Release|Win32
		{938B76D6-71B6-4840-8B94-89FB26E57615}.Release|x86.Build.0 = Release|Win32
		{F131A6DB-123D-4B42-A527-9EEC09C5FEAF}.Debug|x64.ActiveCfg = Debug|x64
		{F131A6DB-123D-4B42-A527-9EEC09C5FEAF}.Debug|x64.Build.0 = Debug|x64
		{F131A6DB-123D-4B42-A527-9EEC09C5FEAF}.Debug|x86.ActiveCfg = Debug|Win32
		{F131A6DB-123D-4B42-A527-9EEC09C5FEAF}.Debug|x86.Build.0 = Debug|Win32
		{F131A6DB-123D-4B42-A527-9EEC09C5FEAF}.Release|x64.ActiveCfg = Release|x64
		{F131A6DB-123D-4B42-A527-9EEC09C5FEAF}.Release|x64.Build.0 = Release|x64
		{F131A6DB-123D-4B42-A527-9EEC09C5FEAF}.Release|x86.ActiveCfg = Release|Win32
		{F131A6DB-123D-4B42-A527-9EEC09C5FEAF}.Release|x86.Build.0 = Release|Win32
		{8279B64B-8927-4CF4-B5CF-121DE9666007}.Debug|x64.ActiveCfg = Debug|x64
		{8279B64B-8927-4CF4-B5CF-121DE9666007}.Debug|x64.Build.0 = Debug|x64
		{8279B64B-8927-4CF4-B5CF-121DE9666007}.Debug|x86.ActiveCfg = Debug|Win32
		{8279B64B-8927-4CF4-B5CF-121DE9666007}.Debug|x86.Build.0 = Debug|Win32
		{8279B64B-8927-4CF4-B5CF-121DE9666007}.Release|x64.ActiveCfg = Release|x64
		{8279B64B-8927-4CF4-B5CF-121DE9666007}.Release|x64.Build.0 = Release|x64
		{8279B64B-8927-4CF4-B5CF-121DE9666007}.Release|x86.ActiveCfg = Release|Win32
		{8279B64B-8927-4CF4-B5CF-121DE9666007}.Release|x86.Build.0 = Release|Win32
		{E534C87C-D127-464E-93E9-96359C817483}.Debug|x64.ActiveCfg = Debug|x64
		{E534C87C-D127-464E-93E9-96359C817483}.Debug|x64.Build.0 = Debug|x64
		{E534C87C-D127-464E-93E9-96359C817483}.Debug|x86.ActiveCfg = Debug|Win32
		{E534C87C-D127-464E-93E9-96359C817483}.Debug|x86.Build.0 = Debug|Win32
		{E534C87C-D127-464E-93E9-96359C817483}.Release|x64.ActiveCfg = Release|x64
		{E534C87C-D127-464E-93E9-96359C817483}.Release|x64.Build.0 = Release|x64
		{E534C87C-D127-464E-93E9-96359C817483}.Release|x86.ActiveCfg = Release|Win32
		{E534C87C-D127-464E-93E9-96359C817483}.Release|x86.Build.0 = Release|Win32
		{2B15571E-71D5-42BD-A8DE-431FEFA75CAC}.Debug|x64.ActiveCfg = Debug|x64
		{2B15571E-71D5-42BD-A8DE-431FEFA75CAC}.Debug|x64.Build.0 = Debug|x64
		{2B15571E-71D5-42BD-A8DE-431FEFA75CAC}.Debug|x86.ActiveCfg = Debug|Win32
		{2B15571E-71D5-42BD-A8DE-431FEFA75CAC}.Debug|x86.Build.0 = Debug|Win32
		{2B15571E-71D5-42BD-A8DE-431FEFA75CAC}.Release|x64.ActiveCfg = Release|x64
		{2B15571E-71D5-42BD-A8DE-431FEFA75CAC}.Release|x64.Build.0 = Release|x64
		{2B15571E-71D5-42BD-A8DE-431FEFA75CAC}.Release|x86.ActiveCfg = Release|Win32
		{2B15571E-71D5-42BD-A8DE-431FEFA75CAC}.Release|x86.Build.0 = Release|Win32
		{AF9B3275-8D7F-48C3-BCA6-1A340D4C6FBC}.Debug|x64.ActiveCfg = Debug|x64
		{AF9B3275-8D7F-48C3-BCA6-1A340D4C6FBC}.Debug|x64.Build.0 = Debug|x64
		{AF9B3275-8D7F-48C3-BCA6-1A340D4C6FBC}.Debug|x86.ActiveCfg = Debug|Win32
		{AF9B3275-8D7F-48C3-BCA6-1A340D4C6FBC}.Debug|x86.Build.0 = Debug|Win32
		{AF9B3275-8D7F-48C3-BCA6-1A340D4C6FBC}.Release|x64.ActiveCfg = Release|x64
		{AF9B3275-8D7F-48C3-BCA6-1A340D4C6FBC}.Release|x64.Build.0 = Release|x64
		{AF9B3275-8D7F-48C3-BCA6-1A340D4C6FBC}.Release|x86.ActiveCfg = Release|Win32
		{AF9B3275-8D7F-48C3-BCA6-1A340D4C6FBC}.Release|x86.Build.0 = Release|Win32
		{E8250801-3542-4831-AD8D-D7CE5B0F703C}.Debug|x64.ActiveCfg = Debug|x64
		{E8250801-3542-4831-AD8D-D7CE5B0F703C}.Debug|x64.Build.0 = Debug|x64
		{E8250801-3542-4831-AD8D-D7CE5B0F703C}.Debug|x86.ActiveCfg = Debug|Win32
		{E8250801-3542-4831-AD8D-D7CE5B0F703C}.Debug|x86.Build.0 = Debug|Win32
		{E8250801-3542-4831-AD8D-D7CE5B0F703C}.Release|x64.ActiveCfg = Release|x64
		{E8250801-3542-4831-AD8D-D7CE5B0F703C}.Release|x64.Build.0 = Release|x64
		{E8250801-3542-4831-AD8D-D7CE5B0F703C}.Release|x86.ActiveCfg = Release|Win32
		{E8250801-3542-4831-AD8D-D7CE5B0F703C}.Release|x86.Build.0 = Release|Win32
		{8B85B87C-2B64-4009-B5CF-5068F4C902F1}.Debug|x64.ActiveCfg = Debug|x64
		{8B85B87C-2B64-4009-B5CF-5068F4C902F1}.Debug|x64.Build.0 = Debug|x64
		{8B85B87C-2B64-4009-B5CF-5068F4C902F1}.Debug|x86.ActiveCfg = Debug|Win32
		{8B85B87C-2B64-4009-B5CF-5068F4C902F1}.Debug|x86.Build.0 = Debug|Win32
		{8B85B87C-2B64-4009-B5CF-5068F4C902F1}.Release|x64.ActiveCfg = Release|x64
		{8B85B87C-2B64-4009-B5CF-5068F4C902F1}.Release|x64.Build.0 = Release|x64
		{8B85B87C-2B64-4009-B5CF-5068F4C902F1}.Release|x86.ActiveCfg = Release|Win32
		{8B85B87C-2B64-4009-B5CF-5068F4C902F1}.Release|x86.Build.0 = Release|Win32
		{1CA9DAF8-20E2-43DC-8152-A963CF047D19}.Debug|x64.ActiveCfg = Debug|x64
		{1CA9DAF8-20E2-43DC-8152-A963CF047D19}.Debug|x64.Build.0 = Debug|x64
		{1CA9DAF8-20E2-43DC-8152-A963CF047D19}.Debug|x86.ActiveCfg = Debug|Win32
		{1CA9DAF8-20E2-43DC-8152-A963CF047D19}.Debug|x86.Build.0 = Debug|Win32
		{1CA9DAF8-20E2-43DC-8152-A963CF047D19}.Release|x64.ActiveCfg = Release|x64
		{1CA9DAF8-20E2-43DC-8152-A963CF047D19}.Release|x64.Build.0 = Release|x64
		{1CA9DAF8-20E2-43DC-8152-A963CF047D19}.Release|x86.ActiveCfg = Release|Win32
		{1CA9DAF8-20E2-43DC-8152-A963CF047D19}.Release|x86.Build.0 = Release|Win32
		{1FF3C39A-E19E-4C30-AD4C-13AD36699A2D}.Debug|x64.ActiveCfg = Debug|x64
		{1FF3C39A-E19E-4C30-AD4C-13AD36699A2D}.Debug|x64.Build.0 = Debug|x64
		{1FF3C39A-E19E-4C30-AD4C-13AD36699A2D}.Debug|x86.ActiveCfg = Debug|Win32
		{1FF3C39A-E19E-4C30-AD4C-13AD36699A2D}.Debug|x86.Build.0 = Debug|Win32
		{1FF3C39A-E19E-4C30-AD4C-13AD36699A2D}.Release|x64.ActiveCfg = Release|x64
		{1FF3C39A-E19E-4C30-AD4C-13AD36699A2D}.Release|x64.Build.0 = Release|x64
		{1FF3C39A-E19E-4C30-AD4C-13AD36699A2D}.Release|x86.ActiveCfg = Release|Win32
		{1FF3C39A-E19E-4C30-AD4C-13AD36699A2D}.Release|x86.Build.0 = Release|Win32
		{EA650451-65F1-45EE-A121-AD2AD50DD441}.Debug|x64.ActiveCfg = Debug|x64
		{EA650451-65F1-45EE-A121-AD2AD50DD441}.Debug|x64.Build.0 = Debug|x64
		{EA650451-65F1-45EE-A121-AD2AD50DD441}.Debug|x86.ActiveCfg = Debug|Win32
		{EA650451-65F1-45EE-A121-AD2AD50DD441}.Debug|x86.Build.0 = Debug|Win32
		{EA650451-65F1-45EE-A121-AD2AD50DD441}.Release|x64.ActiveCfg = Release|x64
		{EA650451-65F1-45EE-A121-AD2AD50DD441}.Release|x64.Build.0 = Release|x64
		{EA650451-65F1-45EE-A121-AD2AD50DD441}.Release|x86.ActiveCfg = Release|Win32
		{EA650451-65F1-45EE-A121-AD2AD50DD441}.Release|x86.Build.0 = Release|Win32
		{22E28B96-374D-45E0-AB96-E8C058A66EBB}.Debug|x64.ActiveCfg = Debug|x64
		{22E28B96-374D-45E0-AB96-E8C058A66EBB}.Debug|x64.Build.0 = Debug|x64
		{22E28B96-374D-45E0-AB96-E8C058A66EBB}.Debug|x86.ActiveCfg = Debug|Win32
		{22E28B96-374D-45E0-AB96-E8C058A66EBB}.Debug|x86.Build.0 = Debug|Win32
		{22E28B96-374D-45E0-AB96-E8C058A66EBB}.Release|x64.ActiveCfg = Release|x64
		{22E28B96-374D-45E0-AB96-E8C058A66EBB}.Release|x64.Build.0 = Release|x64
		{22E28B96-374D-45E0-AB96-E8C058A66EBB}.Release|x86.ActiveCfg = Release|Win32
		{22E28B96-374D-45E0-AB96-E8C058A66EBB}.Release|x86.Build.0 = Release|Win32
		{A7856E34-BD12-443E-9E5B-59B0579A1A66}.Debug|x64.ActiveCfg = Debug|x64
		{A7856E34-BD12-443E-9E5B-59B0579A1A66}.Debug|x64.Build.0 = Debug|x64
		{A7856E34-BD12-443E-9E5B-59B0579A1A66}.Debug|x86.ActiveCfg = Debug|Win32
		{A7856E34-BD12-443E-9E5B-59B0579A1A66}.Debug|x86.Build.0 = Debug|Win32
		{A7856E34-BD12-443E-9E5B-59B0579A1A66}.Release|x64.ActiveCfg = Release|x64
		{A7856E34-BD12-443E-9E5B-59B0579A1A66}.Release|x64.Build.0 = Release|x64
		{A7856E34-BD12-443E-9E5B-59B0579A1A66}.Release|x86.ActiveCfg = Release|Win32
		{A7856E34-BD12-443E-9E5B-59B0579A1A66}.Release|x86.Build.0 = Release|Win32
		{3AA02C5A-8828-45BF-93E0-90C2B9A34BC8}.Debug|x64.ActiveCfg = Debug|x64
		{3AA02C5A-8828-45BF-93E0-90C2B9A34BC8}.Debug|x64.Build.0 = Debug|x64
		{3AA02C5A-8828-45BF-93E0-90C2B9A34BC8}.Debug|x86.ActiveCfg = Debug|Win32
		{3AA02C5A-8828-45BF-93E0-90C2B9A34BC8}.Debug|x86.Build.0 = Debug|Win32
		{3AA02C5A-8828-45BF-93E0-90C2B9A34BC8}.Release|x64.ActiveCfg = Release|x64
		{3AA02C5A-8828-45BF-93E0-90C2B9A34BC8}.Release|x64.Build.0 = Release|x64
		{3AA02C5A-8828-45BF-93E0-90C2B9A34BC8}.Release|x86.ActiveCfg = Release|Win32
		{3AA02C5A-8828-45BF-93E0-90C2B9A34BC8}.Release|x86.Build.0 = Release|Win32
	EndGlobalSection
	GlobalSection(SolutionProperties) = preSolution
		HideSolutionNode = FALSE
	EndGlobalSection
	GlobalSection(ExtensibilityGlobals) = postSolution
		SolutionGuid = {C2550F2B-7A92-441F-A192-36E464919317}
	EndGlobalSection
EndGlobal
